
Microsoft Visual Studio Solution File, Format Version 12.00
# Visual Studio 15
VisualStudioVersion = 15.0.27428.2011
MinimumVisualStudioVersion = 10.0.40219.1
Project("{FAE04EC0-301F-11D3-BF4B-00C04F79EFBC}") = "DockeredAspNetSample", "DockeredAspNetSample\DockeredAspNetSample.csproj", "{67B77DC4-C8C5-4048-B81C-1E896623B3B5}"
EndProject
Project("{E53339B2-1760-4266-BCC7-CA923CBCF16C}") = "docker-compose", "docker-compose.dcproj", "{7BE24598-43F7-4DC9-9DA5-B9B46053F2F3}"
EndProject
Global
	GlobalSection(SolutionConfigurationPlatforms) = preSolution
		Debug|Any CPU = Debug|Any CPU
		Release|Any CPU = Release|Any CPU
	EndGlobalSection
	GlobalSection(ProjectConfigurationPlatforms) = postSolution
		{67B77DC4-C8C5-4048-B81C-1E896623B3B5}.Debug|Any CPU.ActiveCfg = Debug|Any CPU
		{67B77DC4-C8C5-4048-B81C-1E896623B3B5}.Debug|Any CPU.Build.0 = Debug|Any CPU
		{67B77DC4-C8C5-4048-B81C-1E896623B3B5}.Release|Any CPU.ActiveCfg = Release|Any CPU
		{67B77DC4-C8C5-4048-B81C-1E896623B3B5}.Release|Any CPU.Build.0 = Release|Any CPU
		{7BE24598-43F7-4DC9-9DA5-B9B46053F2F3}.Debug|Any CPU.ActiveCfg = Debug|Any CPU
		{7BE24598-43F7-4DC9-9DA5-B9B46053F2F3}.Debug|Any CPU.Build.0 = Debug|Any CPU
		{7BE24598-43F7-4DC9-9DA5-B9B46053F2F3}.Release|Any CPU.ActiveCfg = Release|Any CPU
		{7BE24598-43F7-4DC9-9DA5-B9B46053F2F3}.Release|Any CPU.Build.0 = Release|Any CPU
	EndGlobalSection
	GlobalSection(SolutionProperties) = preSolution
		HideSolutionNode = FALSE
	EndGlobalSection
	GlobalSection(ExtensibilityGlobals) = postSolution
		SolutionGuid = {50084FB4-26D4-478A-8EC9-B7E11C60A79B}
	EndGlobalSection
EndGlobal
